
Microsoft Visual Studio Solution File, Format Version 12.00
# Visual Studio Version 16
VisualStudioVersion = 16.0.29009.5
MinimumVisualStudioVersion = 10.0.40219.1
Project("{FAE04EC0-301F-11D3-BF4B-00C04F79EFBC}") = "Projeto Robo Solutis", "Projeto Robo Solutis\Projeto Robo Solutis.csproj", "{FCE56DCD-C252-4C51-8349-1C1D91EAC3BC}"
EndProject
Global
	GlobalSection(SolutionConfigurationPlatforms) = preSolution
		Debug|Any CPU = Debug|Any CPU
		Release|Any CPU = Release|Any CPU
	EndGlobalSection
	GlobalSection(ProjectConfigurationPlatforms) = postSolution
		{FCE56DCD-C252-4C51-8349-1C1D91EAC3BC}.Debug|Any CPU.ActiveCfg = Debug|Any CPU
		{FCE56DCD-C252-4C51-8349-1C1D91EAC3BC}.Debug|Any CPU.Build.0 = Debug|Any CPU
		{FCE56DCD-C252-4C51-8349-1C1D91EAC3BC}.Release|Any CPU.ActiveCfg = Release|Any CPU
		{FCE56DCD-C252-4C51-8349-1C1D91EAC3BC}.Release|Any CPU.Build.0 = Release|Any CPU
	EndGlobalSection
	GlobalSection(SolutionProperties) = preSolution
		HideSolutionNode = FALSE
	EndGlobalSection
	GlobalSection(ExtensibilityGlobals) = postSolution
		SolutionGuid = {28A9AEF5-D71A-45C5-974E-1CB4391DC1BD}
	EndGlobalSection
EndGlobal
